
Microsoft Visual Studio Solution File, Format Version 12.00
# Visual Studio 15
VisualStudioVersion = 15.0.28307.106
MinimumVisualStudioVersion = 10.0.40219.1
Project("{FAE04EC0-301F-11D3-BF4B-00C04F79EFBC}") = "MVCilkProje", "MVCilkProje\MVCilkProje.csproj", "{4D2B6A08-295E-4928-BBE0-6C96915DDCD8}"
EndProject
Project("{FAE04EC0-301F-11D3-BF4B-00C04F79EFBC}") = "Ajaxİslemleri", "Ajaxİslemleri\Ajaxİslemleri.csproj", "{9AEC57B4-1BFE-490F-AD3C-CEDCD6DCC7B2}"
EndProject
Project("{2150E333-8FDC-42A3-9474-1A3956D46DE8}") = "1.Proje", "1.Proje", "{4CA28280-4D74-4575-AD89-81B63A7FA83F}"
EndProject
Project("{2150E333-8FDC-42A3-9474-1A3956D46DE8}") = "2.Proje", "2.Proje", "{9A02E868-7EA6-40CB-A656-3408E46B1D82}"
EndProject
Project("{2150E333-8FDC-42A3-9474-1A3956D46DE8}") = "3.Proje", "3.Proje", "{037BEE3E-A774-4AAB-991A-483613DFCC30}"
EndProject
Project("{FAE04EC0-301F-11D3-BF4B-00C04F79EFBC}") = "Admin.BLL", "Admin.BLL\Admin.BLL.csproj", "{02BBC202-CC4C-47B5-BD49-50D591CCCF6A}"
EndProject
Project("{2150E333-8FDC-42A3-9474-1A3956D46DE8}") = "Proje", "Proje", "{5129D8CC-D528-4DD0-B3F8-39C7FF16F80C}"
EndProject
Project("{2150E333-8FDC-42A3-9474-1A3956D46DE8}") = "Tema", "Tema", "{CC8F2623-3DB2-4499-887A-D598D8D5B67B}"
EndProject
Project("{FAE04EC0-301F-11D3-BF4B-00C04F79EFBC}") = "Admin.Tema", "Admin.Tema\Admin.Tema.csproj", "{E0498978-6FC4-4E2B-85B2-BCAEA731A1FF}"
EndProject
Project("{FAE04EC0-301F-11D3-BF4B-00C04F79EFBC}") = "Admin.Web.UI", "Admin.Web.UI\Admin.Web.UI.csproj", "{58228D6A-53A7-489A-A1EF-188AB7E68F61}"
EndProject
Project("{FAE04EC0-301F-11D3-BF4B-00C04F79EFBC}") = "Admin.DAL", "Admin.DAL\Admin.DAL.csproj", "{F1FF1300-E31E-422D-A3DC-8316D5197CD6}"
EndProject
Project("{FAE04EC0-301F-11D3-BF4B-00C04F79EFBC}") = "Admin.Models", "Admin.Models\Admin.Models.csproj", "{13CBA321-DFD6-4955-8A90-736A75F4A6D5}"
EndProject
Project("{2150E333-8FDC-42A3-9474-1A3956D46DE8}") = "4.Proje", "4.Proje", "{BA8063C7-233E-4942-B11D-CE367AC6E0F6}"
EndProject
Project("{FAE04EC0-301F-11D3-BF4B-00C04F79EFBC}") = "Kuzey.Web", "Kuzey.Web\Kuzey.Web.csproj", "{DEDB369E-21CF-412C-9646-F7AA98E24D8A}"
EndProject
Project("{FAE04EC0-301F-11D3-BF4B-00C04F79EFBC}") = "Kuzey.BLL", "Kuzey.BLL\Kuzey.BLL.csproj", "{DC156D8F-6C97-4C40-A6F8-B8773AB01310}"
EndProject
Project("{FAE04EC0-301F-11D3-BF4B-00C04F79EFBC}") = "Kuzey.DAL", "Kuzey.DAL\Kuzey.DAL.csproj", "{62B23727-F1D0-42D2-8436-BE14CC54D669}"
EndProject
Project("{FAE04EC0-301F-11D3-BF4B-00C04F79EFBC}") = "Kuzey.Model", "Kuzey.Model\Kuzey.Model.csproj", "{D07C8B11-CB0D-4B8B-8D26-85C798C66A7F}"
EndProject
Project("{2150E333-8FDC-42A3-9474-1A3956D46DE8}") = "5.Proje", "5.Proje", "{90F2B93B-326D-4440-8594-9E0A4B971364}"
EndProject
Project("{FAE04EC0-301F-11D3-BF4B-00C04F79EFBC}") = "Angularjs", "Angularjs\Angularjs.csproj", "{07A26BB7-55F2-4DBA-81FA-56C0405F287F}"
EndProject
Project("{2150E333-8FDC-42A3-9474-1A3956D46DE8}") = "7.Proje", "7.Proje", "{F0D2F4DB-3302-43B9-838A-C6FE71A7909A}"
EndProject
Project("{FAE04EC0-301F-11D3-BF4B-00C04F79EFBC}") = "SignalRApp", "SignalRApp\SignalRApp.csproj", "{74411FE0-0BCF-41A8-B0E0-5A8877DD2BBB}"
EndProject
Project("{FAE04EC0-301F-11D3-BF4B-00C04F79EFBC}") = "DeveXOdata", "DeveXOdata\DeveXOdata.csproj", "{DCB078D7-60A5-44DC-8A94-1427F4789F2D}"
EndProject
Project("{2150E333-8FDC-42A3-9474-1A3956D46DE8}") = "8.Proje", "8.Proje", "{14A3E6AA-BEB8-44B1-9018-A305D12EEF6C}"
EndProject
Project("{2150E333-8FDC-42A3-9474-1A3956D46DE8}") = "9.Proje", "9.Proje", "{E2F09EF3-0287-4176-A5AC-02130A11A25C}"
EndProject
Project("{2150E333-8FDC-42A3-9474-1A3956D46DE8}") = "RabbitMQ", "RabbitMQ", "{65FDB2D1-95DD-40B2-87AC-1FB6BC5940A1}"
EndProject
Project("{FAE04EC0-301F-11D3-BF4B-00C04F79EFBC}") = "Rabbit.Web.UI", "Rabbit.Web.UI\Rabbit.Web.UI.csproj", "{5A74AF8F-5260-4953-9C41-A5C95516E52C}"
EndProject
Project("{FAE04EC0-301F-11D3-BF4B-00C04F79EFBC}") = "Rabbit.Consumer", "Rabbit.Consumer\Rabbit.Consumer.csproj", "{BF8C0689-1564-49CD-A318-FAAF0D9749E7}"
EndProject
Project("{FAE04EC0-301F-11D3-BF4B-00C04F79EFBC}") = "Rabbit.BLL", "Rabbit.BLL\Rabbit.BLL.csproj", "{E87D6B9B-41A8-45CF-97E2-445CD301AB64}"
EndProject
Project("{FAE04EC0-301F-11D3-BF4B-00C04F79EFBC}") = "Rabbit.DAL", "Rabbit.DAL\Rabbit.DAL.csproj", "{EB7F238D-C49F-4C60-BD07-7B96BF274971}"
EndProject
Project("{FAE04EC0-301F-11D3-BF4B-00C04F79EFBC}") = "Rabbit.Model", "Rabbit.Model\Rabbit.Model.csproj", "{6673F350-2F97-472B-AA40-DD07BA531ACF}"
EndProject
Global
	GlobalSection(SolutionConfigurationPlatforms) = preSolution
		Debug|Any CPU = Debug|Any CPU
		Release|Any CPU = Release|Any CPU
	EndGlobalSection
	GlobalSection(ProjectConfigurationPlatforms) = postSolution
		{4D2B6A08-295E-4928-BBE0-6C96915DDCD8}.Debug|Any CPU.ActiveCfg = Debug|Any CPU
		{4D2B6A08-295E-4928-BBE0-6C96915DDCD8}.Debug|Any CPU.Build.0 = Debug|Any CPU
		{4D2B6A08-295E-4928-BBE0-6C96915DDCD8}.Release|Any CPU.ActiveCfg = Release|Any CPU
		{4D2B6A08-295E-4928-BBE0-6C96915DDCD8}.Release|Any CPU.Build.0 = Release|Any CPU
		{9AEC57B4-1BFE-490F-AD3C-CEDCD6DCC7B2}.Debug|Any CPU.ActiveCfg = Debug|Any CPU
		{9AEC57B4-1BFE-490F-AD3C-CEDCD6DCC7B2}.Debug|Any CPU.Build.0 = Debug|Any CPU
		{9AEC57B4-1BFE-490F-AD3C-CEDCD6DCC7B2}.Release|Any CPU.ActiveCfg = Release|Any CPU
		{9AEC57B4-1BFE-490F-AD3C-CEDCD6DCC7B2}.Release|Any CPU.Build.0 = Release|Any CPU
		{02BBC202-CC4C-47B5-BD49-50D591CCCF6A}.Debug|Any CPU.ActiveCfg = Debug|Any CPU
		{02BBC202-CC4C-47B5-BD49-50D591CCCF6A}.Debug|Any CPU.Build.0 = Debug|Any CPU
		{02BBC202-CC4C-47B5-BD49-50D591CCCF6A}.Release|Any CPU.ActiveCfg = Release|Any CPU
		{02BBC202-CC4C-47B5-BD49-50D591CCCF6A}.Release|Any CPU.Build.0 = Release|Any CPU
		{E0498978-6FC4-4E2B-85B2-BCAEA731A1FF}.Debug|Any CPU.ActiveCfg = Debug|Any CPU
		{E0498978-6FC4-4E2B-85B2-BCAEA731A1FF}.Debug|Any CPU.Build.0 = Debug|Any CPU
		{E0498978-6FC4-4E2B-85B2-BCAEA731A1FF}.Release|Any CPU.ActiveCfg = Release|Any CPU
		{E0498978-6FC4-4E2B-85B2-BCAEA731A1FF}.Release|Any CPU.Build.0 = Release|Any CPU
		{58228D6A-53A7-489A-A1EF-188AB7E68F61}.Debug|Any CPU.ActiveCfg = Debug|Any CPU
		{58228D6A-53A7-489A-A1EF-188AB7E68F61}.Debug|Any CPU.Build.0 = Debug|Any CPU
		{58228D6A-53A7-489A-A1EF-188AB7E68F61}.Release|Any CPU.ActiveCfg = Release|Any CPU
		{58228D6A-53A7-489A-A1EF-188AB7E68F61}.Release|Any CPU.Build.0 = Release|Any CPU
		{F1FF1300-E31E-422D-A3DC-8316D5197CD6}.Debug|Any CPU.ActiveCfg = Debug|Any CPU
		{F1FF1300-E31E-422D-A3DC-8316D5197CD6}.Debug|Any CPU.Build.0 = Debug|Any CPU
		{F1FF1300-E31E-422D-A3DC-8316D5197CD6}.Release|Any CPU.ActiveCfg = Release|Any CPU
		{F1FF1300-E31E-422D-A3DC-8316D5197CD6}.Release|Any CPU.Build.0 = Release|Any CPU
		{13CBA321-DFD6-4955-8A90-736A75F4A6D5}.Debug|Any CPU.ActiveCfg = Debug|Any CPU
		{13CBA321-DFD6-4955-8A90-736A75F4A6D5}.Debug|Any CPU.Build.0 = Debug|Any CPU
		{13CBA321-DFD6-4955-8A90-736A75F4A6D5}.Release|Any CPU.ActiveCfg = Release|Any CPU
		{13CBA321-DFD6-4955-8A90-736A75F4A6D5}.Release|Any CPU.Build.0 = Release|Any CPU
		{DEDB369E-21CF-412C-9646-F7AA98E24D8A}.Debug|Any CPU.ActiveCfg = Debug|Any CPU
		{DEDB369E-21CF-412C-9646-F7AA98E24D8A}.Debug|Any CPU.Build.0 = Debug|Any CPU
		{DEDB369E-21CF-412C-9646-F7AA98E24D8A}.Release|Any CPU.ActiveCfg = Release|Any CPU
		{DEDB369E-21CF-412C-9646-F7AA98E24D8A}.Release|Any CPU.Build.0 = Release|Any CPU
		{DC156D8F-6C97-4C40-A6F8-B8773AB01310}.Debug|Any CPU.ActiveCfg = Debug|Any CPU
		{DC156D8F-6C97-4C40-A6F8-B8773AB01310}.Debug|Any CPU.Build.0 = Debug|Any CPU
		{DC156D8F-6C97-4C40-A6F8-B8773AB01310}.Release|Any CPU.ActiveCfg = Release|Any CPU
		{DC156D8F-6C97-4C40-A6F8-B8773AB01310}.Release|Any CPU.Build.0 = Release|Any CPU
		{62B23727-F1D0-42D2-8436-BE14CC54D669}.Debug|Any CPU.ActiveCfg = Debug|Any CPU
		{62B23727-F1D0-42D2-8436-BE14CC54D669}.Debug|Any CPU.Build.0 = Debug|Any CPU
		{62B23727-F1D0-42D2-8436-BE14CC54D669}.Release|Any CPU.ActiveCfg = Release|Any CPU
		{62B23727-F1D0-42D2-8436-BE14CC54D669}.Release|Any CPU.Build.0 = Release|Any CPU
		{D07C8B11-CB0D-4B8B-8D26-85C798C66A7F}.Debug|Any CPU.ActiveCfg = Debug|Any CPU
		{D07C8B11-CB0D-4B8B-8D26-85C798C66A7F}.Debug|Any CPU.Build.0 = Debug|Any CPU
		{D07C8B11-CB0D-4B8B-8D26-85C798C66A7F}.Release|Any CPU.ActiveCfg = Release|Any CPU
		{D07C8B11-CB0D-4B8B-8D26-85C798C66A7F}.Release|Any CPU.Build.0 = Release|Any CPU
		{07A26BB7-55F2-4DBA-81FA-56C0405F287F}.Debug|Any CPU.ActiveCfg = Debug|Any CPU
		{07A26BB7-55F2-4DBA-81FA-56C0405F287F}.Debug|Any CPU.Build.0 = Debug|Any CPU
		{07A26BB7-55F2-4DBA-81FA-56C0405F287F}.Release|Any CPU.ActiveCfg = Release|Any CPU
		{07A26BB7-55F2-4DBA-81FA-56C0405F287F}.Release|Any CPU.Build.0 = Release|Any CPU
		{74411FE0-0BCF-41A8-B0E0-5A8877DD2BBB}.Debug|Any CPU.ActiveCfg = Debug|Any CPU
		{74411FE0-0BCF-41A8-B0E0-5A8877DD2BBB}.Debug|Any CPU.Build.0 = Debug|Any CPU
		{74411FE0-0BCF-41A8-B0E0-5A8877DD2BBB}.Release|Any CPU.ActiveCfg = Release|Any CPU
		{74411FE0-0BCF-41A8-B0E0-5A8877DD2BBB}.Release|Any CPU.Build.0 = Release|Any CPU
		{DCB078D7-60A5-44DC-8A94-1427F4789F2D}.Debug|Any CPU.ActiveCfg = Debug|Any CPU
		{DCB078D7-60A5-44DC-8A94-1427F4789F2D}.Debug|Any CPU.Build.0 = Debug|Any CPU
		{DCB078D7-60A5-44DC-8A94-1427F4789F2D}.Release|Any CPU.ActiveCfg = Release|Any CPU
		{DCB078D7-60A5-44DC-8A94-1427F4789F2D}.Release|Any CPU.Build.0 = Release|Any CPU
		{5A74AF8F-5260-4953-9C41-A5C95516E52C}.Debug|Any CPU.ActiveCfg = Debug|Any CPU
		{5A74AF8F-5260-4953-9C41-A5C95516E52C}.Debug|Any CPU.Build.0 = Debug|Any CPU
		{5A74AF8F-5260-4953-9C41-A5C95516E52C}.Release|Any CPU.ActiveCfg = Release|Any CPU
		{5A74AF8F-5260-4953-9C41-A5C95516E52C}.Release|Any CPU.Build.0 = Release|Any CPU
		{BF8C0689-1564-49CD-A318-FAAF0D9749E7}.Debug|Any CPU.ActiveCfg = Debug|Any CPU
		{BF8C0689-1564-49CD-A318-FAAF0D9749E7}.Debug|Any CPU.Build.0 = Debug|Any CPU
		{BF8C0689-1564-49CD-A318-FAAF0D9749E7}.Release|Any CPU.ActiveCfg = Release|Any CPU
		{BF8C0689-1564-49CD-A318-FAAF0D9749E7}.Release|Any CPU.Build.0 = Release|Any CPU
		{E87D6B9B-41A8-45CF-97E2-445CD301AB64}.Debug|Any CPU.ActiveCfg = Debug|Any CPU
		{E87D6B9B-41A8-45CF-97E2-445CD301AB64}.Debug|Any CPU.Build.0 = Debug|Any CPU
		{E87D6B9B-41A8-45CF-97E2-445CD301AB64}.Release|Any CPU.ActiveCfg = Release|Any CPU
		{E87D6B9B-41A8-45CF-97E2-445CD301AB64}.Release|Any CPU.Build.0 = Release|Any CPU
		{EB7F238D-C49F-4C60-BD07-7B96BF274971}.Debug|Any CPU.ActiveCfg = Debug|Any CPU
		{EB7F238D-C49F-4C60-BD07-7B96BF274971}.Debug|Any CPU.Build.0 = Debug|Any CPU
		{EB7F238D-C49F-4C60-BD07-7B96BF274971}.Release|Any CPU.ActiveCfg = Release|Any CPU
		{EB7F238D-C49F-4C60-BD07-7B96BF274971}.Release|Any CPU.Build.0 = Release|Any CPU
		{6673F350-2F97-472B-AA40-DD07BA531ACF}.Debug|Any CPU.ActiveCfg = Debug|Any CPU
		{6673F350-2F97-472B-AA40-DD07BA531ACF}.Debug|Any CPU.Build.0 = Debug|Any CPU
		{6673F350-2F97-472B-AA40-DD07BA531ACF}.Release|Any CPU.ActiveCfg = Release|Any CPU
		{6673F350-2F97-472B-AA40-DD07BA531ACF}.Release|Any CPU.Build.0 = Release|Any CPU
	EndGlobalSection
	GlobalSection(SolutionProperties) = preSolution
		HideSolutionNode = FALSE
	EndGlobalSection
	GlobalSection(NestedProjects) = preSolution
		{4D2B6A08-295E-4928-BBE0-6C96915DDCD8} = {4CA28280-4D74-4575-AD89-81B63A7FA83F}
		{9AEC57B4-1BFE-490F-AD3C-CEDCD6DCC7B2} = {9A02E868-7EA6-40CB-A656-3408E46B1D82}
		{02BBC202-CC4C-47B5-BD49-50D591CCCF6A} = {5129D8CC-D528-4DD0-B3F8-39C7FF16F80C}
		{5129D8CC-D528-4DD0-B3F8-39C7FF16F80C} = {037BEE3E-A774-4AAB-991A-483613DFCC30}
		{CC8F2623-3DB2-4499-887A-D598D8D5B67B} = {037BEE3E-A774-4AAB-991A-483613DFCC30}
		{E0498978-6FC4-4E2B-85B2-BCAEA731A1FF} = {CC8F2623-3DB2-4499-887A-D598D8D5B67B}
		{58228D6A-53A7-489A-A1EF-188AB7E68F61} = {5129D8CC-D528-4DD0-B3F8-39C7FF16F80C}
		{F1FF1300-E31E-422D-A3DC-8316D5197CD6} = {5129D8CC-D528-4DD0-B3F8-39C7FF16F80C}
		{13CBA321-DFD6-4955-8A90-736A75F4A6D5} = {5129D8CC-D528-4DD0-B3F8-39C7FF16F80C}
		{DEDB369E-21CF-412C-9646-F7AA98E24D8A} = {BA8063C7-233E-4942-B11D-CE367AC6E0F6}
		{DC156D8F-6C97-4C40-A6F8-B8773AB01310} = {BA8063C7-233E-4942-B11D-CE367AC6E0F6}
		{62B23727-F1D0-42D2-8436-BE14CC54D669} = {BA8063C7-233E-4942-B11D-CE367AC6E0F6}
		{D07C8B11-CB0D-4B8B-8D26-85C798C66A7F} = {BA8063C7-233E-4942-B11D-CE367AC6E0F6}
		{07A26BB7-55F2-4DBA-81FA-56C0405F287F} = {90F2B93B-326D-4440-8594-9E0A4B971364}
		{74411FE0-0BCF-41A8-B0E0-5A8877DD2BBB} = {F0D2F4DB-3302-43B9-838A-C6FE71A7909A}
		{DCB078D7-60A5-44DC-8A94-1427F4789F2D} = {14A3E6AA-BEB8-44B1-9018-A305D12EEF6C}
		{65FDB2D1-95DD-40B2-87AC-1FB6BC5940A1} = {E2F09EF3-0287-4176-A5AC-02130A11A25C}
		{5A74AF8F-5260-4953-9C41-A5C95516E52C} = {65FDB2D1-95DD-40B2-87AC-1FB6BC5940A1}
		{BF8C0689-1564-49CD-A318-FAAF0D9749E7} = {65FDB2D1-95DD-40B2-87AC-1FB6BC5940A1}
		{E87D6B9B-41A8-45CF-97E2-445CD301AB64} = {65FDB2D1-95DD-40B2-87AC-1FB6BC5940A1}
		{EB7F238D-C49F-4C60-BD07-7B96BF274971} = {65FDB2D1-95DD-40B2-87AC-1FB6BC5940A1}
		{6673F350-2F97-472B-AA40-DD07BA531ACF} = {65FDB2D1-95DD-40B2-87AC-1FB6BC5940A1}
	EndGlobalSection
	GlobalSection(ExtensibilityGlobals) = postSolution
		SolutionGuid = {3AE84E7B-4984-4931-B559-8F4887CA2DEF}
	EndGlobalSection
EndGlobal
