
Microsoft Visual Studio Solution File, Format Version 12.00
# Visual Studio 15
VisualStudioVersion = 15.0.28307.106
MinimumVisualStudioVersion = 10.0.40219.1
Project("{FAE04EC0-301F-11D3-BF4B-00C04F79EFBC}") = "MVCilkProje", "MVCilkProje\MVCilkProje.csproj", "{4D2B6A08-295E-4928-BBE0-6C96915DDCD8}"
EndProject
Project("{FAE04EC0-301F-11D3-BF4B-00C04F79EFBC}") = "Ajaxİslemleri", "Ajaxİslemleri\Ajaxİslemleri.csproj", "{9AEC57B4-1BFE-490F-AD3C-CEDCD6DCC7B2}"
EndProject
Project("{2150E333-8FDC-42A3-9474-1A3956D46DE8}") = "1.Proje", "1.Proje", "{4CA28280-4D74-4575-AD89-81B63A7FA83F}"
EndProject
Project("{2150E333-8FDC-42A3-9474-1A3956D46DE8}") = "2.Proje", "2.Proje", "{9A02E868-7EA6-40CB-A656-3408E46B1D82}"
EndProject
Project("{2150E333-8FDC-42A3-9474-1A3956D46DE8}") = "3.Proje", "3.Proje", "{037BEE3E-A774-4AAB-991A-483613DFCC30}"
EndProject
Project("{FAE04EC0-301F-11D3-BF4B-00C04F79EFBC}") = "Admin.BLL", "Admin.BLL\Admin.BLL.csproj", "{02BBC202-CC4C-47B5-BD49-50D591CCCF6A}"
EndProject
Project("{2150E333-8FDC-42A3-9474-1A3956D46DE8}") = "Proje", "Proje", "{5129D8CC-D528-4DD0-B3F8-39C7FF16F80C}"
EndProject
Project("{2150E333-8FDC-42A3-9474-1A3956D46DE8}") = "Tema", "Tema", "{CC8F2623-3DB2-4499-887A-D598D8D5B67B}"
EndProject
Project("{FAE04EC0-301F-11D3-BF4B-00C04F79EFBC}") = "Admin.Tema", "Admin.Tema\Admin.Tema.csproj", "{E0498978-6FC4-4E2B-85B2-BCAEA731A1FF}"
EndProject
Project("{FAE04EC0-301F-11D3-BF4B-00C04F79EFBC}") = "Admin.Web.UI", "Admin.Web.UI\Admin.Web.UI.csproj", "{58228D6A-53A7-489A-A1EF-188AB7E68F61}"
EndProject
Project("{FAE04EC0-301F-11D3-BF4B-00C04F79EFBC}") = "Admin.DAL", "Admin.DAL\Admin.DAL.csproj", "{F1FF1300-E31E-422D-A3DC-8316D5197CD6}"
EndProject
Project("{FAE04EC0-301F-11D3-BF4B-00C04F79EFBC}") = "Admin.Models", "Admin.Models\Admin.Models.csproj", "{13CBA321-DFD6-4955-8A90-736A75F4A6D5}"
EndProject
Global
	GlobalSection(SolutionConfigurationPlatforms) = preSolution
		Debug|Any CPU = Debug|Any CPU
		Release|Any CPU = Release|Any CPU
	EndGlobalSection
	GlobalSection(ProjectConfigurationPlatforms) = postSolution
		{4D2B6A08-295E-4928-BBE0-6C96915DDCD8}.Debug|Any CPU.ActiveCfg = Debug|Any CPU
		{4D2B6A08-295E-4928-BBE0-6C96915DDCD8}.Debug|Any CPU.Build.0 = Debug|Any CPU
		{4D2B6A08-295E-4928-BBE0-6C96915DDCD8}.Release|Any CPU.ActiveCfg = Release|Any CPU
		{4D2B6A08-295E-4928-BBE0-6C96915DDCD8}.Release|Any CPU.Build.0 = Release|Any CPU
		{9AEC57B4-1BFE-490F-AD3C-CEDCD6DCC7B2}.Debug|Any CPU.ActiveCfg = Debug|Any CPU
		{9AEC57B4-1BFE-490F-AD3C-CEDCD6DCC7B2}.Debug|Any CPU.Build.0 = Debug|Any CPU
		{9AEC57B4-1BFE-490F-AD3C-CEDCD6DCC7B2}.Release|Any CPU.ActiveCfg = Release|Any CPU
		{9AEC57B4-1BFE-490F-AD3C-CEDCD6DCC7B2}.Release|Any CPU.Build.0 = Release|Any CPU
		{02BBC202-CC4C-47B5-BD49-50D591CCCF6A}.Debug|Any CPU.ActiveCfg = Debug|Any CPU
		{02BBC202-CC4C-47B5-BD49-50D591CCCF6A}.Debug|Any CPU.Build.0 = Debug|Any CPU
		{02BBC202-CC4C-47B5-BD49-50D591CCCF6A}.Release|Any CPU.ActiveCfg = Release|Any CPU
		{02BBC202-CC4C-47B5-BD49-50D591CCCF6A}.Release|Any CPU.Build.0 = Release|Any CPU
		{E0498978-6FC4-4E2B-85B2-BCAEA731A1FF}.Debug|Any CPU.ActiveCfg = Debug|Any CPU
		{E0498978-6FC4-4E2B-85B2-BCAEA731A1FF}.Debug|Any CPU.Build.0 = Debug|Any CPU
		{E0498978-6FC4-4E2B-85B2-BCAEA731A1FF}.Release|Any CPU.ActiveCfg = Release|Any CPU
		{E0498978-6FC4-4E2B-85B2-BCAEA731A1FF}.Release|Any CPU.Build.0 = Release|Any CPU
		{58228D6A-53A7-489A-A1EF-188AB7E68F61}.Debug|Any CPU.ActiveCfg = Debug|Any CPU
		{58228D6A-53A7-489A-A1EF-188AB7E68F61}.Debug|Any CPU.Build.0 = Debug|Any CPU
		{58228D6A-53A7-489A-A1EF-188AB7E68F61}.Release|Any CPU.ActiveCfg = Release|Any CPU
		{58228D6A-53A7-489A-A1EF-188AB7E68F61}.Release|Any CPU.Build.0 = Release|Any CPU
		{F1FF1300-E31E-422D-A3DC-8316D5197CD6}.Debug|Any CPU.ActiveCfg = Debug|Any CPU
		{F1FF1300-E31E-422D-A3DC-8316D5197CD6}.Debug|Any CPU.Build.0 = Debug|Any CPU
		{F1FF1300-E31E-422D-A3DC-8316D5197CD6}.Release|Any CPU.ActiveCfg = Release|Any CPU
		{F1FF1300-E31E-422D-A3DC-8316D5197CD6}.Release|Any CPU.Build.0 = Release|Any CPU
		{13CBA321-DFD6-4955-8A90-736A75F4A6D5}.Debug|Any CPU.ActiveCfg = Debug|Any CPU
		{13CBA321-DFD6-4955-8A90-736A75F4A6D5}.Debug|Any CPU.Build.0 = Debug|Any CPU
		{13CBA321-DFD6-4955-8A90-736A75F4A6D5}.Release|Any CPU.ActiveCfg = Release|Any CPU
		{13CBA321-DFD6-4955-8A90-736A75F4A6D5}.Release|Any CPU.Build.0 = Release|Any CPU
	EndGlobalSection
	GlobalSection(SolutionProperties) = preSolution
		HideSolutionNode = FALSE
	EndGlobalSection
	GlobalSection(NestedProjects) = preSolution
		{4D2B6A08-295E-4928-BBE0-6C96915DDCD8} = {4CA28280-4D74-4575-AD89-81B63A7FA83F}
		{9AEC57B4-1BFE-490F-AD3C-CEDCD6DCC7B2} = {9A02E868-7EA6-40CB-A656-3408E46B1D82}
		{02BBC202-CC4C-47B5-BD49-50D591CCCF6A} = {5129D8CC-D528-4DD0-B3F8-39C7FF16F80C}
		{5129D8CC-D528-4DD0-B3F8-39C7FF16F80C} = {037BEE3E-A774-4AAB-991A-483613DFCC30}
		{CC8F2623-3DB2-4499-887A-D598D8D5B67B} = {037BEE3E-A774-4AAB-991A-483613DFCC30}
		{E0498978-6FC4-4E2B-85B2-BCAEA731A1FF} = {CC8F2623-3DB2-4499-887A-D598D8D5B67B}
		{58228D6A-53A7-489A-A1EF-188AB7E68F61} = {5129D8CC-D528-4DD0-B3F8-39C7FF16F80C}
		{F1FF1300-E31E-422D-A3DC-8316D5197CD6} = {5129D8CC-D528-4DD0-B3F8-39C7FF16F80C}
		{13CBA321-DFD6-4955-8A90-736A75F4A6D5} = {5129D8CC-D528-4DD0-B3F8-39C7FF16F80C}
	EndGlobalSection
	GlobalSection(ExtensibilityGlobals) = postSolution
		SolutionGuid = {3AE84E7B-4984-4931-B559-8F4887CA2DEF}
	EndGlobalSection
EndGlobal
